// !$*UTF8*$!
{
	archiveVersion = 1;
	classes = {
	};
	objectVersion = 50;
	objects = {

/* Begin PBXBuildFile section */
		824F8DA527985C9A00F6AB07 /* AppDelegate.swift in Sources */ = {isa = PBXBuildFile; fileRef = 824F8DA427985C9A00F6AB07 /* AppDelegate.swift */; };
		824F8DAE27985C9E00F6AB07 /* Assets.xcassets in Resources */ = {isa = PBXBuildFile; fileRef = 824F8DAD27985C9E00F6AB07 /* Assets.xcassets */; };
		824F8DC027985F7B00F6AB07 /* TabBarController.swift in Sources */ = {isa = PBXBuildFile; fileRef = 824F8DBF27985F7B00F6AB07 /* TabBarController.swift */; };
		824F8DC32798601600F6AB07 /* MediaViewController.swift in Sources */ = {isa = PBXBuildFile; fileRef = 824F8DC22798601600F6AB07 /* MediaViewController.swift */; };
		824F8DC52798606000F6AB07 /* ForYouViewController.swift in Sources */ = {isa = PBXBuildFile; fileRef = 824F8DC42798606000F6AB07 /* ForYouViewController.swift */; };
		824F8DC72798609C00F6AB07 /* AlbumsViewController.swift in Sources */ = {isa = PBXBuildFile; fileRef = 824F8DC62798609C00F6AB07 /* AlbumsViewController.swift */; };
		824F8DC9279860E000F6AB07 /* SearchViewController.swift in Sources */ = {isa = PBXBuildFile; fileRef = 824F8DC8279860E000F6AB07 /* SearchViewController.swift */; };
		824F8DCB279864D200F6AB07 /* ModelCellType.swift in Sources */ = {isa = PBXBuildFile; fileRef = 824F8DCA279864D200F6AB07 /* ModelCellType.swift */; };
		824F8DCD2798650000F6AB07 /* ModelCellAlbums.swift in Sources */ = {isa = PBXBuildFile; fileRef = 824F8DCC2798650000F6AB07 /* ModelCellAlbums.swift */; };
		824F8DCF279867AE00F6AB07 /* AlbumsViewCell.swift in Sources */ = {isa = PBXBuildFile; fileRef = 824F8DCE279867AE00F6AB07 /* AlbumsViewCell.swift */; };
		824F8DD3279867F300F6AB07 /* HeadLineAlbumsCell.swift in Sources */ = {isa = PBXBuildFile; fileRef = 824F8DD2279867F300F6AB07 /* HeadLineAlbumsCell.swift */; };
		824F8DD5279869F600F6AB07 /* PeopleAndPlacesViewCell.swift in Sources */ = {isa = PBXBuildFile; fileRef = 824F8DD4279869F600F6AB07 /* PeopleAndPlacesViewCell.swift */; };
		824F8DD727986A1A00F6AB07 /* TypesOfMediaFilesViewCell.swift in Sources */ = {isa = PBXBuildFile; fileRef = 824F8DD627986A1A00F6AB07 /* TypesOfMediaFilesViewCell.swift */; };
		824F8DD927986A5000F6AB07 /* HeadLinePeopleAndPlacesCell.swift in Sources */ = {isa = PBXBuildFile; fileRef = 824F8DD827986A5000F6AB07 /* HeadLinePeopleAndPlacesCell.swift */; };
		824F8DDB27986A6800F6AB07 /* HeadLineTypesOfMediaCell.swift in Sources */ = {isa = PBXBuildFile; fileRef = 824F8DDA27986A6800F6AB07 /* HeadLineTypesOfMediaCell.swift */; };
/* End PBXBuildFile section */

/* Begin PBXFileReference section */
		824F8DA127985C9A00F6AB07 /* HW13 photo albums GIT.app */ = {isa = PBXFileReference; explicitFileType = wrapper.application; includeInIndex = 0; path = "HW13 photo albums GIT.app"; sourceTree = BUILT_PRODUCTS_DIR; };
		824F8DA427985C9A00F6AB07 /* AppDelegate.swift */ = {isa = PBXFileReference; lastKnownFileType = sourcecode.swift; path = AppDelegate.swift; sourceTree = "<group>"; };
		824F8DAD27985C9E00F6AB07 /* Assets.xcassets */ = {isa = PBXFileReference; lastKnownFileType = folder.assetcatalog; path = Assets.xcassets; sourceTree = "<group>"; };
		824F8DB227985C9E00F6AB07 /* Info.plist */ = {isa = PBXFileReference; lastKnownFileType = text.plist.xml; path = Info.plist; sourceTree = "<group>"; };
		824F8DBF27985F7B00F6AB07 /* TabBarController.swift */ = {isa = PBXFileReference; lastKnownFileType = sourcecode.swift; path = TabBarController.swift; sourceTree = "<group>"; };
		824F8DC22798601600F6AB07 /* MediaViewController.swift */ = {isa = PBXFileReference; lastKnownFileType = sourcecode.swift; path = MediaViewController.swift; sourceTree = "<group>"; };
		824F8DC42798606000F6AB07 /* ForYouViewController.swift */ = {isa = PBXFileReference; lastKnownFileType = sourcecode.swift; path = ForYouViewController.swift; sourceTree = "<group>"; };
		824F8DC62798609C00F6AB07 /* AlbumsViewController.swift */ = {isa = PBXFileReference; lastKnownFileType = sourcecode.swift; path = AlbumsViewController.swift; sourceTree = "<group>"; };
		824F8DC8279860E000F6AB07 /* SearchViewController.swift */ = {isa = PBXFileReference; lastKnownFileType = sourcecode.swift; path = SearchViewController.swift; sourceTree = "<group>"; };
		824F8DCA279864D200F6AB07 /* ModelCellType.swift */ = {isa = PBXFileReference; lastKnownFileType = sourcecode.swift; path = ModelCellType.swift; sourceTree = "<group>"; };
		824F8DCC2798650000F6AB07 /* ModelCellAlbums.swift */ = {isa = PBXFileReference; lastKnownFileType = sourcecode.swift; path = ModelCellAlbums.swift; sourceTree = "<group>"; };
		824F8DCE279867AE00F6AB07 /* AlbumsViewCell.swift */ = {isa = PBXFileReference; lastKnownFileType = sourcecode.swift; path = AlbumsViewCell.swift; sourceTree = "<group>"; };
		824F8DD2279867F300F6AB07 /* HeadLineAlbumsCell.swift */ = {isa = PBXFileReference; lastKnownFileType = sourcecode.swift; path = HeadLineAlbumsCell.swift; sourceTree = "<group>"; };
		824F8DD4279869F600F6AB07 /* PeopleAndPlacesViewCell.swift */ = {isa = PBXFileReference; lastKnownFileType = sourcecode.swift; path = PeopleAndPlacesViewCell.swift; sourceTree = "<group>"; };
		824F8DD627986A1A00F6AB07 /* TypesOfMediaFilesViewCell.swift */ = {isa = PBXFileReference; lastKnownFileType = sourcecode.swift; path = TypesOfMediaFilesViewCell.swift; sourceTree = "<group>"; };
		824F8DD827986A5000F6AB07 /* HeadLinePeopleAndPlacesCell.swift */ = {isa = PBXFileReference; lastKnownFileType = sourcecode.swift; path = HeadLinePeopleAndPlacesCell.swift; sourceTree = "<group>"; };
		824F8DDA27986A6800F6AB07 /* HeadLineTypesOfMediaCell.swift */ = {isa = PBXFileReference; lastKnownFileType = sourcecode.swift; path = HeadLineTypesOfMediaCell.swift; sourceTree = "<group>"; };
/* End PBXFileReference section */

/* Begin PBXFrameworksBuildPhase section */
		824F8D9E27985C9A00F6AB07 /* Frameworks */ = {
			isa = PBXFrameworksBuildPhase;
			buildActionMask = 2147483647;
			files = (
			);
			runOnlyForDeploymentPostprocessing = 0;
		};
/* End PBXFrameworksBuildPhase section */

/* Begin PBXGroup section */
		824F8D9827985C9A00F6AB07 = {
			isa = PBXGroup;
			children = (
				824F8DA327985C9A00F6AB07 /* HW13 photo albums GIT */,
				824F8DA227985C9A00F6AB07 /* Products */,
			);
			sourceTree = "<group>";
		};
		824F8DA227985C9A00F6AB07 /* Products */ = {
			isa = PBXGroup;
			children = (
				824F8DA127985C9A00F6AB07 /* HW13 photo albums GIT.app */,
			);
			name = Products;
			sourceTree = "<group>";
		};
		824F8DA327985C9A00F6AB07 /* HW13 photo albums GIT */ = {
			isa = PBXGroup;
			children = (
				824F8DB927985DBF00F6AB07 /* Resources */,
				824F8DB827985DB700F6AB07 /* Sources */,
			);
			path = "HW13 photo albums GIT";
			sourceTree = "<group>";
		};
		824F8DB827985DB700F6AB07 /* Sources */ = {
			isa = PBXGroup;
			children = (
				824F8DBB27985E2800F6AB07 /* Scene */,
				824F8DBA27985E2200F6AB07 /* App */,
			);
			path = Sources;
			sourceTree = "<group>";
		};
		824F8DB927985DBF00F6AB07 /* Resources */ = {
			isa = PBXGroup;
			children = (
				824F8DB227985C9E00F6AB07 /* Info.plist */,
				824F8DAD27985C9E00F6AB07 /* Assets.xcassets */,
			);
			path = Resources;
			sourceTree = "<group>";
		};
		824F8DBA27985E2200F6AB07 /* App */ = {
			isa = PBXGroup;
			children = (
				824F8DA427985C9A00F6AB07 /* AppDelegate.swift */,
				824F8DBF27985F7B00F6AB07 /* TabBarController.swift */,
			);
			path = App;
			sourceTree = "<group>";
		};
		824F8DBB27985E2800F6AB07 /* Scene */ = {
			isa = PBXGroup;
			children = (
				824F8DBE27985E6E00F6AB07 /* Models */,
				824F8DBD27985E6700F6AB07 /* ViewControllers */,
				824F8DBC27985E6000F6AB07 /* View */,
			);
			path = Scene;
			sourceTree = "<group>";
		};
		824F8DBC27985E6000F6AB07 /* View */ = {
			isa = PBXGroup;
			children = (
				824F8DD1279867D100F6AB07 /* HeadLineCell */,
				824F8DD0279867CC00F6AB07 /* Cell */,
			);
			path = View;
			sourceTree = "<group>";
		};
		824F8DBD27985E6700F6AB07 /* ViewControllers */ = {
			isa = PBXGroup;
			children = (
				824F8DC22798601600F6AB07 /* MediaViewController.swift */,
				824F8DC42798606000F6AB07 /* ForYouViewController.swift */,
				824F8DC62798609C00F6AB07 /* AlbumsViewController.swift */,
				824F8DC8279860E000F6AB07 /* SearchViewController.swift */,
			);
			path = ViewControllers;
			sourceTree = "<group>";
		};
		824F8DBE27985E6E00F6AB07 /* Models */ = {
			isa = PBXGroup;
			children = (
				824F8DCA279864D200F6AB07 /* ModelCellType.swift */,
				824F8DCC2798650000F6AB07 /* ModelCellAlbums.swift */,
			);
			path = Models;
			sourceTree = "<group>";
		};
		824F8DD0279867CC00F6AB07 /* Cell */ = {
			isa = PBXGroup;
			children = (
				824F8DCE279867AE00F6AB07 /* AlbumsViewCell.swift */,
				824F8DD4279869F600F6AB07 /* PeopleAndPlacesViewCell.swift */,
				824F8DD627986A1A00F6AB07 /* TypesOfMediaFilesViewCell.swift */,
			);
			path = Cell;
			sourceTree = "<group>";
		};
		824F8DD1279867D100F6AB07 /* HeadLineCell */ = {
			isa = PBXGroup;
			children = (
				824F8DD2279867F300F6AB07 /* HeadLineAlbumsCell.swift */,
				824F8DD827986A5000F6AB07 /* HeadLinePeopleAndPlacesCell.swift */,
				824F8DDA27986A6800F6AB07 /* HeadLineTypesOfMediaCell.swift */,
			);
			path = HeadLineCell;
			sourceTree = "<group>";
		};
/* End PBXGroup section */

/* Begin PBXNativeTarget section */
		824F8DA027985C9A00F6AB07 /* HW13 photo albums GIT */ = {
			isa = PBXNativeTarget;
			buildConfigurationList = 824F8DB527985C9E00F6AB07 /* Build configuration list for PBXNativeTarget "HW13 photo albums GIT" */;
			buildPhases = (
				824F8D9D27985C9A00F6AB07 /* Sources */,
				824F8D9E27985C9A00F6AB07 /* Frameworks */,
				824F8D9F27985C9A00F6AB07 /* Resources */,
			);
			buildRules = (
			);
			dependencies = (
			);
			name = "HW13 photo albums GIT";
			productName = "HW13 photo albums GIT";
			productReference = 824F8DA127985C9A00F6AB07 /* HW13 photo albums GIT.app */;
			productType = "com.apple.product-type.application";
		};
/* End PBXNativeTarget section */

/* Begin PBXProject section */
		824F8D9927985C9A00F6AB07 /* Project object */ = {
			isa = PBXProject;
			attributes = {
				LastSwiftUpdateCheck = 1250;
				LastUpgradeCheck = 1250;
				TargetAttributes = {
					824F8DA027985C9A00F6AB07 = {
						CreatedOnToolsVersion = 12.5.1;
					};
				};
			};
			buildConfigurationList = 824F8D9C27985C9A00F6AB07 /* Build configuration list for PBXProject "HW13 photo albums GIT" */;
			compatibilityVersion = "Xcode 9.3";
			developmentRegion = en;
			hasScannedForEncodings = 0;
			knownRegions = (
				en,
				Base,
			);
			mainGroup = 824F8D9827985C9A00F6AB07;
			productRefGroup = 824F8DA227985C9A00F6AB07 /* Products */;
			projectDirPath = "";
			projectRoot = "";
			targets = (
				824F8DA027985C9A00F6AB07 /* HW13 photo albums GIT */,
			);
		};
/* End PBXProject section */

/* Begin PBXResourcesBuildPhase section */
		824F8D9F27985C9A00F6AB07 /* Resources */ = {
			isa = PBXResourcesBuildPhase;
			buildActionMask = 2147483647;
			files = (
				824F8DAE27985C9E00F6AB07 /* Assets.xcassets in Resources */,
			);
			runOnlyForDeploymentPostprocessing = 0;
		};
/* End PBXResourcesBuildPhase section */

/* Begin PBXSourcesBuildPhase section */
		824F8D9D27985C9A00F6AB07 /* Sources */ = {
			isa = PBXSourcesBuildPhase;
			buildActionMask = 2147483647;
			files = (
				824F8DC027985F7B00F6AB07 /* TabBarController.swift in Sources */,
				824F8DC9279860E000F6AB07 /* SearchViewController.swift in Sources */,
				824F8DCB279864D200F6AB07 /* ModelCellType.swift in Sources */,
				824F8DD927986A5000F6AB07 /* HeadLinePeopleAndPlacesCell.swift in Sources */,
				824F8DCF279867AE00F6AB07 /* AlbumsViewCell.swift in Sources */,
				824F8DC72798609C00F6AB07 /* AlbumsViewController.swift in Sources */,
				824F8DA527985C9A00F6AB07 /* AppDelegate.swift in Sources */,
				824F8DD727986A1A00F6AB07 /* TypesOfMediaFilesViewCell.swift in Sources */,
				824F8DCD2798650000F6AB07 /* ModelCellAlbums.swift in Sources */,
				824F8DD5279869F600F6AB07 /* PeopleAndPlacesViewCell.swift in Sources */,
				824F8DC52798606000F6AB07 /* ForYouViewController.swift in Sources */,
				824F8DC32798601600F6AB07 /* MediaViewController.swift in Sources */,
				824F8DD3279867F300F6AB07 /* HeadLineAlbumsCell.swift in Sources */,
				824F8DDB27986A6800F6AB07 /* HeadLineTypesOfMediaCell.swift in Sources */,
			);
			runOnlyForDeploymentPostprocessing = 0;
		};
/* End PBXSourcesBuildPhase section */

/* Begin XCBuildConfiguration section */
		824F8DB327985C9E00F6AB07 /* Debug */ = {
			isa = XCBuildConfiguration;
			buildSettings = {
				ALWAYS_SEARCH_USER_PATHS = NO;
				CLANG_ANALYZER_NONNULL = YES;
				CLANG_ANALYZER_NUMBER_OBJECT_CONVERSION = YES_AGGRESSIVE;
				CLANG_CXX_LANGUAGE_STANDARD = "gnu++14";
				CLANG_CXX_LIBRARY = "libc++";
				CLANG_ENABLE_MODULES = YES;
				CLANG_ENABLE_OBJC_ARC = YES;
				CLANG_ENABLE_OBJC_WEAK = YES;
				CLANG_WARN_BLOCK_CAPTURE_AUTORELEASING = YES;
				CLANG_WARN_BOOL_CONVERSION = YES;
				CLANG_WARN_COMMA = YES;
				CLANG_WARN_CONSTANT_CONVERSION = YES;
				CLANG_WARN_DEPRECATED_OBJC_IMPLEMENTATIONS = YES;
				CLANG_WARN_DIRECT_OBJC_ISA_USAGE = YES_ERROR;
				CLANG_WARN_DOCUMENTATION_COMMENTS = YES;
				CLANG_WARN_EMPTY_BODY = YES;
				CLANG_WARN_ENUM_CONVERSION = YES;
				CLANG_WARN_INFINITE_RECURSION = YES;
				CLANG_WARN_INT_CONVERSION = YES;
				CLANG_WARN_NON_LITERAL_NULL_CONVERSION = YES;
				CLANG_WARN_OBJC_IMPLICIT_RETAIN_SELF = YES;
				CLANG_WARN_OBJC_LITERAL_CONVERSION = YES;
				CLANG_WARN_OBJC_ROOT_CLASS = YES_ERROR;
				CLANG_WARN_QUOTED_INCLUDE_IN_FRAMEWORK_HEADER = YES;
				CLANG_WARN_RANGE_LOOP_ANALYSIS = YES;
				CLANG_WARN_STRICT_PROTOTYPES = YES;
				CLANG_WARN_SUSPICIOUS_MOVE = YES;
				CLANG_WARN_UNGUARDED_AVAILABILITY = YES_AGGRESSIVE;
				CLANG_WARN_UNREACHABLE_CODE = YES;
				CLANG_WARN__DUPLICATE_METHOD_MATCH = YES;
				COPY_PHASE_STRIP = NO;
				DEBUG_INFORMATION_FORMAT = dwarf;
				ENABLE_STRICT_OBJC_MSGSEND = YES;
				ENABLE_TESTABILITY = YES;
				GCC_C_LANGUAGE_STANDARD = gnu11;
				GCC_DYNAMIC_NO_PIC = NO;
				GCC_NO_COMMON_BLOCKS = YES;
				GCC_OPTIMIZATION_LEVEL = 0;
				GCC_PREPROCESSOR_DEFINITIONS = (
					"DEBUG=1",
					"$(inherited)",
				);
				GCC_WARN_64_TO_32_BIT_CONVERSION = YES;
				GCC_WARN_ABOUT_RETURN_TYPE = YES_ERROR;
				GCC_WARN_UNDECLARED_SELECTOR = YES;
				GCC_WARN_UNINITIALIZED_AUTOS = YES_AGGRESSIVE;
				GCC_WARN_UNUSED_FUNCTION = YES;
				GCC_WARN_UNUSED_VARIABLE = YES;
				IPHONEOS_DEPLOYMENT_TARGET = 14.5;
				MTL_ENABLE_DEBUG_INFO = INCLUDE_SOURCE;
				MTL_FAST_MATH = YES;
				ONLY_ACTIVE_ARCH = YES;
				SDKROOT = iphoneos;
				SWIFT_ACTIVE_COMPILATION_CONDITIONS = DEBUG;
				SWIFT_OPTIMIZATION_LEVEL = "-Onone";
			};
			name = Debug;
		};
		824F8DB427985C9E00F6AB07 /* Release */ = {
			isa = XCBuildConfiguration;
			buildSettings = {
				ALWAYS_SEARCH_USER_PATHS = NO;
				CLANG_ANALYZER_NONNULL = YES;
				CLANG_ANALYZER_NUMBER_OBJECT_CONVERSION = YES_AGGRESSIVE;
				CLANG_CXX_LANGUAGE_STANDARD = "gnu++14";
				CLANG_CXX_LIBRARY = "libc++";
				CLANG_ENABLE_MODULES = YES;
				CLANG_ENABLE_OBJC_ARC = YES;
				CLANG_ENABLE_OBJC_WEAK = YES;
				CLANG_WARN_BLOCK_CAPTURE_AUTORELEASING = YES;
				CLANG_WARN_BOOL_CONVERSION = YES;
				CLANG_WARN_COMMA = YES;
				CLANG_WARN_CONSTANT_CONVERSION = YES;
				CLANG_WARN_DEPRECATED_OBJC_IMPLEMENTATIONS = YES;
				CLANG_WARN_DIRECT_OBJC_ISA_USAGE = YES_ERROR;
				CLANG_WARN_DOCUMENTATION_COMMENTS = YES;
				CLANG_WARN_EMPTY_BODY = YES;
				CLANG_WARN_ENUM_CONVERSION = YES;
				CLANG_WARN_INFINITE_RECURSION = YES;
				CLANG_WARN_INT_CONVERSION = YES;
				CLANG_WARN_NON_LITERAL_NULL_CONVERSION = YES;
				CLANG_WARN_OBJC_IMPLICIT_RETAIN_SELF = YES;
				CLANG_WARN_OBJC_LITERAL_CONVERSION = YES;
				CLANG_WARN_OBJC_ROOT_CLASS = YES_ERROR;
				CLANG_WARN_QUOTED_INCLUDE_IN_FRAMEWORK_HEADER = YES;
				CLANG_WARN_RANGE_LOOP_ANALYSIS = YES;
				CLANG_WARN_STRICT_PROTOTYPES = YES;
				CLANG_WARN_SUSPICIOUS_MOVE = YES;
				CLANG_WARN_UNGUARDED_AVAILABILITY = YES_AGGRESSIVE;
				CLANG_WARN_UNREACHABLE_CODE = YES;
				CLANG_WARN__DUPLICATE_METHOD_MATCH = YES;
				COPY_PHASE_STRIP = NO;
				DEBUG_INFORMATION_FORMAT = "dwarf-with-dsym";
				ENABLE_NS_ASSERTIONS = NO;
				ENABLE_STRICT_OBJC_MSGSEND = YES;
				GCC_C_LANGUAGE_STANDARD = gnu11;
				GCC_NO_COMMON_BLOCKS = YES;
				GCC_WARN_64_TO_32_BIT_CONVERSION = YES;
				GCC_WARN_ABOUT_RETURN_TYPE = YES_ERROR;
				GCC_WARN_UNDECLARED_SELECTOR = YES;
				GCC_WARN_UNINITIALIZED_AUTOS = YES_AGGRESSIVE;
				GCC_WARN_UNUSED_FUNCTION = YES;
				GCC_WARN_UNUSED_VARIABLE = YES;
				IPHONEOS_DEPLOYMENT_TARGET = 14.5;
				MTL_ENABLE_DEBUG_INFO = NO;
				MTL_FAST_MATH = YES;
				SDKROOT = iphoneos;
				SWIFT_COMPILATION_MODE = wholemodule;
				SWIFT_OPTIMIZATION_LEVEL = "-O";
				VALIDATE_PRODUCT = YES;
			};
			name = Release;
		};
		824F8DB627985C9E00F6AB07 /* Debug */ = {
			isa = XCBuildConfiguration;
			buildSettings = {
				ASSETCATALOG_COMPILER_APPICON_NAME = AppIcon;
				ASSETCATALOG_COMPILER_GLOBAL_ACCENT_COLOR_NAME = AccentColor;
				CODE_SIGN_STYLE = Automatic;
				INFOPLIST_FILE = "HW13 photo albums GIT/Resources/Info.plist";
				LD_RUNPATH_SEARCH_PATHS = (
					"$(inherited)",
					"@executable_path/Frameworks",
				);
				PRODUCT_BUNDLE_IDENTIFIER = "com.my.HW13-photo-albums-GIT";
				PRODUCT_NAME = "$(TARGET_NAME)";
				SWIFT_VERSION = 5.0;
				TARGETED_DEVICE_FAMILY = "1,2";
			};
			name = Debug;
		};
		824F8DB727985C9E00F6AB07 /* Release */ = {
			isa = XCBuildConfiguration;
			buildSettings = {
				ASSETCATALOG_COMPILER_APPICON_NAME = AppIcon;
				ASSETCATALOG_COMPILER_GLOBAL_ACCENT_COLOR_NAME = AccentColor;
				CODE_SIGN_STYLE = Automatic;
				INFOPLIST_FILE = "HW13 photo albums GIT/Resources/Info.plist";
				LD_RUNPATH_SEARCH_PATHS = (
					"$(inherited)",
					"@executable_path/Frameworks",
				);
				PRODUCT_BUNDLE_IDENTIFIER = "com.my.HW13-photo-albums-GIT";
				PRODUCT_NAME = "$(TARGET_NAME)";
				SWIFT_VERSION = 5.0;
				TARGETED_DEVICE_FAMILY = "1,2";
			};
			name = Release;
		};
/* End XCBuildConfiguration section */

/* Begin XCConfigurationList section */
		824F8D9C27985C9A00F6AB07 /* Build configuration list for PBXProject "HW13 photo albums GIT" */ = {
			isa = XCConfigurationList;
			buildConfigurations = (
				824F8DB327985C9E00F6AB07 /* Debug */,
				824F8DB427985C9E00F6AB07 /* Release */,
			);
			defaultConfigurationIsVisible = 0;
			defaultConfigurationName = Release;
		};
		824F8DB527985C9E00F6AB07 /* Build configuration list for PBXNativeTarget "HW13 photo albums GIT" */ = {
			isa = XCConfigurationList;
			buildConfigurations = (
				824F8DB627985C9E00F6AB07 /* Debug */,
				824F8DB727985C9E00F6AB07 /* Release */,
			);
			defaultConfigurationIsVisible = 0;
			defaultConfigurationName = Release;
		};
/* End XCConfigurationList section */
	};
	rootObject = 824F8D9927985C9A00F6AB07 /* Project object */;
}
